
Microsoft Visual Studio Solution File, Format Version 12.00
# Visual Studio Version 17
VisualStudioVersion = 17.13.35806.99 d17.13
MinimumVisualStudioVersion = 10.0.40219.1
Project("{FAE04EC0-301F-11D3-BF4B-00C04F79EFBC}") = "12th", "12th\12th.csproj", "{A3AD6A4C-9520-4658-A8A7-417EB8C4EECC}"
EndProject
Project("{FAE04EC0-301F-11D3-BF4B-00C04F79EFBC}") = "TCP_SERVER", "TCP_SERVER\TCP_SERVER.csproj", "{4F398F6F-9931-4C85-895C-B62E0E13CC58}"
EndProject
Project("{FAE04EC0-301F-11D3-BF4B-00C04F79EFBC}") = "TCP_CLIENT", "TCP_CLIENT\TCP_CLIENT.csproj", "{3A0988CA-62F2-49FB-9DE0-DFE41F07C8E4}"
EndProject
Global
	GlobalSection(SolutionConfigurationPlatforms) = preSolution
		Debug|Any CPU = Debug|Any CPU
		Release|Any CPU = Release|Any CPU
	EndGlobalSection
	GlobalSection(ProjectConfigurationPlatforms) = postSolution
		{A3AD6A4C-9520-4658-A8A7-417EB8C4EECC}.Debug|Any CPU.ActiveCfg = Debug|Any CPU
		{A3AD6A4C-9520-4658-A8A7-417EB8C4EECC}.Debug|Any CPU.Build.0 = Debug|Any CPU
		{A3AD6A4C-9520-4658-A8A7-417EB8C4EECC}.Release|Any CPU.ActiveCfg = Release|Any CPU
		{A3AD6A4C-9520-4658-A8A7-417EB8C4EECC}.Release|Any CPU.Build.0 = Release|Any CPU
		{4F398F6F-9931-4C85-895C-B62E0E13CC58}.Debug|Any CPU.ActiveCfg = Debug|Any CPU
		{4F398F6F-9931-4C85-895C-B62E0E13CC58}.Debug|Any CPU.Build.0 = Debug|Any CPU
		{4F398F6F-9931-4C85-895C-B62E0E13CC58}.Release|Any CPU.ActiveCfg = Release|Any CPU
		{4F398F6F-9931-4C85-895C-B62E0E13CC58}.Release|Any CPU.Build.0 = Release|Any CPU
		{3A0988CA-62F2-49FB-9DE0-DFE41F07C8E4}.Debug|Any CPU.ActiveCfg = Debug|Any CPU
		{3A0988CA-62F2-49FB-9DE0-DFE41F07C8E4}.Debug|Any CPU.Build.0 = Debug|Any CPU
		{3A0988CA-62F2-49FB-9DE0-DFE41F07C8E4}.Release|Any CPU.ActiveCfg = Release|Any CPU
		{3A0988CA-62F2-49FB-9DE0-DFE41F07C8E4}.Release|Any CPU.Build.0 = Release|Any CPU
	EndGlobalSection
	GlobalSection(SolutionProperties) = preSolution
		HideSolutionNode = FALSE
	EndGlobalSection
	GlobalSection(ExtensibilityGlobals) = postSolution
		SolutionGuid = {8978F19A-29A2-451E-AE50-8424CA0CCC89}
	EndGlobalSection
EndGlobal
